
Microsoft Visual Studio Solution File, Format Version 12.00
# Visual Studio 2012
Project("{FAE04EC0-301F-11D3-BF4B-00C04F79EFBC}") = "Teamwork", "Teamwork\Teamwork.csproj", "{EDD2F0EB-03FE-4D79-BDCE-689BE597AD51}"
EndProject
Global
	GlobalSection(SolutionConfigurationPlatforms) = preSolution
		Debug|Any CPU = Debug|Any CPU
		Release|Any CPU = Release|Any CPU
	EndGlobalSection
	GlobalSection(ProjectConfigurationPlatforms) = postSolution
		{EDD2F0EB-03FE-4D79-BDCE-689BE597AD51}.Debug|Any CPU.ActiveCfg = Debug|Any CPU
		{EDD2F0EB-03FE-4D79-BDCE-689BE597AD51}.Debug|Any CPU.Build.0 = Debug|Any CPU
		{EDD2F0EB-03FE-4D79-BDCE-689BE597AD51}.Release|Any CPU.ActiveCfg = Release|Any CPU
		{EDD2F0EB-03FE-4D79-BDCE-689BE597AD51}.Release|Any CPU.Build.0 = Release|Any CPU
	EndGlobalSection
	GlobalSection(SolutionProperties) = preSolution
		HideSolutionNode = FALSE
	EndGlobalSection
EndGlobal
